
Microsoft Visual Studio Solution File, Format Version 12.00
# Visual Studio Version 16
VisualStudioVersion = 16.0.31911.196
MinimumVisualStudioVersion = 10.0.40219.1
Project("{9A19103F-16F7-4668-BE54-9A1E7A4F7556}") = "Standard", "Standard.csproj", "{645EE32B-6DAE-4E61-A7F8-3B79A98B3D69}"
EndProject
Project("{FAE04EC0-301F-11D3-BF4B-00C04F79EFBC}") = "StandardTester", "..\StandardTester\StandardTester.csproj", "{66ECF755-26FC-4019-A3AD-485E489DA22C}"
EndProject
Global
	GlobalSection(SolutionConfigurationPlatforms) = preSolution
		Debug|Any CPU = Debug|Any CPU
		Release|Any CPU = Release|Any CPU
	EndGlobalSection
	GlobalSection(ProjectConfigurationPlatforms) = postSolution
		{645EE32B-6DAE-4E61-A7F8-3B79A98B3D69}.Debug|Any CPU.ActiveCfg = Debug|Any CPU
		{645EE32B-6DAE-4E61-A7F8-3B79A98B3D69}.Debug|Any CPU.Build.0 = Debug|Any CPU
		{645EE32B-6DAE-4E61-A7F8-3B79A98B3D69}.Release|Any CPU.ActiveCfg = Release|Any CPU
		{645EE32B-6DAE-4E61-A7F8-3B79A98B3D69}.Release|Any CPU.Build.0 = Release|Any CPU
		{66ECF755-26FC-4019-A3AD-485E489DA22C}.Debug|Any CPU.ActiveCfg = Debug|Any CPU
		{66ECF755-26FC-4019-A3AD-485E489DA22C}.Debug|Any CPU.Build.0 = Debug|Any CPU
		{66ECF755-26FC-4019-A3AD-485E489DA22C}.Release|Any CPU.ActiveCfg = Release|Any CPU
		{66ECF755-26FC-4019-A3AD-485E489DA22C}.Release|Any CPU.Build.0 = Release|Any CPU
	EndGlobalSection
	GlobalSection(SolutionProperties) = preSolution
		HideSolutionNode = FALSE
	EndGlobalSection
	GlobalSection(ExtensibilityGlobals) = postSolution
		SolutionGuid = {628B6E37-CA57-4EC3-985E-C7191EB65D04}
	EndGlobalSection
EndGlobal
